
Microsoft Visual Studio Solution File, Format Version 12.00
# Visual Studio 15
VisualStudioVersion = 15.0.26403.3
MinimumVisualStudioVersion = 10.0.40219.1
Project("{8BC9CEB8-8B4A-11D0-8D11-00A0C91BC942}") = "ninja-engine", "ninja-engine\Ninjas.vcxproj", "{4AE14D51-384B-4F94-90A8-B43ABC748709}"
EndProject
Project("{8BC9CEB8-8B4A-11D0-8D11-00A0C91BC942}") = "ninja-game", "ninja-game\ninja-game.vcxproj", "{2481C1B4-1553-410B-A7EC-385E6FB11AA3}"
EndProject
Project("{FAE04EC0-301F-11D3-BF4B-00C04F79EFBC}") = "ninja-editor", "ninja-editor\ninja-editor.csproj", "{58E6FB33-20E6-404B-B4F1-2D08DBDF63EB}"
	ProjectSection(ProjectDependencies) = postProject
		{4AE14D51-384B-4F94-90A8-B43ABC748709} = {4AE14D51-384B-4F94-90A8-B43ABC748709}
	EndProjectSection
EndProject
Project("{2150E333-8FDC-42A3-9474-1A3956D46DE8}") = "Solution Items", "Solution Items", "{CA3E1E30-8F08-4C4A-B40D-63CA2F32DBB3}"
	ProjectSection(SolutionItems) = preProject
		Performance1.psess = Performance1.psess
	EndProjectSection
EndProject
Global
	GlobalSection(SolutionConfigurationPlatforms) = preSolution
		Debug|Any CPU = Debug|Any CPU
		Debug|x64 = Debug|x64
		Debug|x86 = Debug|x86
		DebugProfile|Any CPU = DebugProfile|Any CPU
		DebugProfile|x64 = DebugProfile|x64
		DebugProfile|x86 = DebugProfile|x86
		Release|Any CPU = Release|Any CPU
		Release|x64 = Release|x64
		Release|x86 = Release|x86
	EndGlobalSection
	GlobalSection(ProjectConfigurationPlatforms) = postSolution
		{4AE14D51-384B-4F94-90A8-B43ABC748709}.Debug|Any CPU.ActiveCfg = Debug|x64
		{4AE14D51-384B-4F94-90A8-B43ABC748709}.Debug|Any CPU.Build.0 = Debug|x64
		{4AE14D51-384B-4F94-90A8-B43ABC748709}.Debug|x64.ActiveCfg = Debug|x64
		{4AE14D51-384B-4F94-90A8-B43ABC748709}.Debug|x64.Build.0 = Debug|x64
		{4AE14D51-384B-4F94-90A8-B43ABC748709}.Debug|x86.ActiveCfg = Debug|Win32
		{4AE14D51-384B-4F94-90A8-B43ABC748709}.Debug|x86.Build.0 = Debug|Win32
		{4AE14D51-384B-4F94-90A8-B43ABC748709}.DebugProfile|Any CPU.ActiveCfg = DebugProfile|Win32
		{4AE14D51-384B-4F94-90A8-B43ABC748709}.DebugProfile|x64.ActiveCfg = DebugProfile|x64
		{4AE14D51-384B-4F94-90A8-B43ABC748709}.DebugProfile|x64.Build.0 = DebugProfile|x64
		{4AE14D51-384B-4F94-90A8-B43ABC748709}.DebugProfile|x86.ActiveCfg = DebugProfile|Win32
		{4AE14D51-384B-4F94-90A8-B43ABC748709}.DebugProfile|x86.Build.0 = DebugProfile|Win32
		{4AE14D51-384B-4F94-90A8-B43ABC748709}.Release|Any CPU.ActiveCfg = Release|x64
		{4AE14D51-384B-4F94-90A8-B43ABC748709}.Release|Any CPU.Build.0 = Release|x64
		{4AE14D51-384B-4F94-90A8-B43ABC748709}.Release|x64.ActiveCfg = Release|x64
		{4AE14D51-384B-4F94-90A8-B43ABC748709}.Release|x64.Build.0 = Release|x64
		{4AE14D51-384B-4F94-90A8-B43ABC748709}.Release|x86.ActiveCfg = Release|Win32
		{4AE14D51-384B-4F94-90A8-B43ABC748709}.Release|x86.Build.0 = Release|Win32
		{2481C1B4-1553-410B-A7EC-385E6FB11AA3}.Debug|Any CPU.ActiveCfg = Debug|x64
		{2481C1B4-1553-410B-A7EC-385E6FB11AA3}.Debug|Any CPU.Build.0 = Debug|x64
		{2481C1B4-1553-410B-A7EC-385E6FB11AA3}.Debug|x64.ActiveCfg = Debug|x64
		{2481C1B4-1553-410B-A7EC-385E6FB11AA3}.Debug|x64.Build.0 = Debug|x64
		{2481C1B4-1553-410B-A7EC-385E6FB11AA3}.Debug|x86.ActiveCfg = Debug|Win32
		{2481C1B4-1553-410B-A7EC-385E6FB11AA3}.Debug|x86.Build.0 = Debug|Win32
		{2481C1B4-1553-410B-A7EC-385E6FB11AA3}.DebugProfile|Any CPU.ActiveCfg = DebugProfile|Win32
		{2481C1B4-1553-410B-A7EC-385E6FB11AA3}.DebugProfile|x64.ActiveCfg = DebugProfile|x64
		{2481C1B4-1553-410B-A7EC-385E6FB11AA3}.DebugProfile|x64.Build.0 = DebugProfile|x64
		{2481C1B4-1553-410B-A7EC-385E6FB11AA3}.DebugProfile|x86.ActiveCfg = DebugProfile|Win32
		{2481C1B4-1553-410B-A7EC-385E6FB11AA3}.DebugProfile|x86.Build.0 = DebugProfile|Win32
		{2481C1B4-1553-410B-A7EC-385E6FB11AA3}.Release|Any CPU.ActiveCfg = Release|x64
		{2481C1B4-1553-410B-A7EC-385E6FB11AA3}.Release|Any CPU.Build.0 = Release|x64
		{2481C1B4-1553-410B-A7EC-385E6FB11AA3}.Release|x64.ActiveCfg = Release|x64
		{2481C1B4-1553-410B-A7EC-385E6FB11AA3}.Release|x64.Build.0 = Release|x64
		{2481C1B4-1553-410B-A7EC-385E6FB11AA3}.Release|x86.ActiveCfg = Release|Win32
		{2481C1B4-1553-410B-A7EC-385E6FB11AA3}.Release|x86.Build.0 = Release|Win32
		{58E6FB33-20E6-404B-B4F1-2D08DBDF63EB}.Debug|Any CPU.ActiveCfg = Debug|Any CPU
		{58E6FB33-20E6-404B-B4F1-2D08DBDF63EB}.Debug|Any CPU.Build.0 = Debug|Any CPU
		{58E6FB33-20E6-404B-B4F1-2D08DBDF63EB}.Debug|x64.ActiveCfg = Debug|Any CPU
		{58E6FB33-20E6-404B-B4F1-2D08DBDF63EB}.Debug|x64.Build.0 = Debug|Any CPU
		{58E6FB33-20E6-404B-B4F1-2D08DBDF63EB}.Debug|x86.ActiveCfg = Debug|Any CPU
		{58E6FB33-20E6-404B-B4F1-2D08DBDF63EB}.Debug|x86.Build.0 = Debug|Any CPU
		{58E6FB33-20E6-404B-B4F1-2D08DBDF63EB}.DebugProfile|Any CPU.ActiveCfg = DebugProfile|Any CPU
		{58E6FB33-20E6-404B-B4F1-2D08DBDF63EB}.DebugProfile|Any CPU.Build.0 = DebugProfile|Any CPU
		{58E6FB33-20E6-404B-B4F1-2D08DBDF63EB}.DebugProfile|x64.ActiveCfg = DebugProfile|Any CPU
		{58E6FB33-20E6-404B-B4F1-2D08DBDF63EB}.DebugProfile|x64.Build.0 = DebugProfile|Any CPU
		{58E6FB33-20E6-404B-B4F1-2D08DBDF63EB}.DebugProfile|x86.ActiveCfg = DebugProfile|Any CPU
		{58E6FB33-20E6-404B-B4F1-2D08DBDF63EB}.DebugProfile|x86.Build.0 = DebugProfile|Any CPU
		{58E6FB33-20E6-404B-B4F1-2D08DBDF63EB}.Release|Any CPU.ActiveCfg = Release|Any CPU
		{58E6FB33-20E6-404B-B4F1-2D08DBDF63EB}.Release|Any CPU.Build.0 = Release|Any CPU
		{58E6FB33-20E6-404B-B4F1-2D08DBDF63EB}.Release|x64.ActiveCfg = Release|Any CPU
		{58E6FB33-20E6-404B-B4F1-2D08DBDF63EB}.Release|x64.Build.0 = Release|Any CPU
		{58E6FB33-20E6-404B-B4F1-2D08DBDF63EB}.Release|x86.ActiveCfg = Release|Any CPU
		{58E6FB33-20E6-404B-B4F1-2D08DBDF63EB}.Release|x86.Build.0 = Release|Any CPU
	EndGlobalSection
	GlobalSection(SolutionProperties) = preSolution
		HideSolutionNode = FALSE
	EndGlobalSection
EndGlobal
