<?xml version="1.0" encoding="utf-8"?>
<Project ToolsVersion="4.0" xmlns="http://schemas.microsoft.com/developer/msbuild/2003">
  <ItemGroup>
    <Filter Include="Source Files">
      <UniqueIdentifier>{4FC737F1-C7A5-4376-A066-2A32D752A2FF}</UniqueIdentifier>
      <Extensions>cpp;c;cc;cxx;def;odl;idl;hpj;bat;asm;asmx</Extensions>
    </Filter>
    <Filter Include="Header Files">
      <UniqueIdentifier>{93995380-89BD-4b04-88EB-625FBE52EBFB}</UniqueIdentifier>
      <Extensions>h;hh;hpp;hxx;hm;inl;inc;xsd</Extensions>
    </Filter>
    <Filter Include="Resource Files">
      <UniqueIdentifier>{67DA6AB6-F800-4c08-8B7A-83BB121AAD01}</UniqueIdentifier>
      <Extensions>rc;ico;cur;bmp;dlg;rc2;rct;bin;rgs;gif;jpg;jpeg;jpe;resx;tiff;tif;png;wav;mfcribbon-ms</Extensions>
    </Filter>
  </ItemGroup>
  <ItemGroup>
    <None Include=".gitignore" />
    <None Include="Doxyfile.in" />
    <None Include="lua\mapeditorGUI.lua" />
    <None Include="packages.config" />
  </ItemGroup>
  <ItemGroup>
    <ClInclude Include="ai.h">
      <Filter>Header Files</Filter>
    </ClInclude>
    <ClInclude Include="animation.h">
      <Filter>Header Files</Filter>
    </ClInclude>
    <ClInclude Include="animationeditor.h">
      <Filter>Header Files</Filter>
    </ClInclude>
    <ClInclude Include="animations.h">
      <Filter>Header Files</Filter>
    </ClInclude>
    <ClInclude Include="assetManager.h">
      <Filter>Header Files</Filter>
    </ClInclude>
    <ClInclude Include="basename.h">
      <Filter>Header Files</Filter>
    </ClInclude>
    <ClInclude Include="credits.h">
      <Filter>Header Files</Filter>
    </ClInclude>
    <ClInclude Include="effectsManager.h">
      <Filter>Header Files</Filter>
    </ClInclude>
    <ClInclude Include="eventManager.h">
      <Filter>Header Files</Filter>
    </ClInclude>
    <ClInclude Include="gameLog.h">
      <Filter>Header Files</Filter>
    </ClInclude>
    <ClInclude Include="gameMenu.h">
      <Filter>Header Files</Filter>
    </ClInclude>
    <ClInclude Include="gameMode.h">
      <Filter>Header Files</Filter>
    </ClInclude>
    <ClInclude Include="gameModes.h">
      <Filter>Header Files</Filter>
    </ClInclude>
    <ClInclude Include="gameOptions.h">
      <Filter>Header Files</Filter>
    </ClInclude>
    <ClInclude Include="gameSound.h">
      <Filter>Header Files</Filter>
    </ClInclude>
    <ClInclude Include="gameState.h">
      <Filter>Header Files</Filter>
    </ClInclude>
    <ClInclude Include="gameWorld.h">
      <Filter>Header Files</Filter>
    </ClInclude>
    <ClInclude Include="globalDefines.h">
      <Filter>Header Files</Filter>
    </ClInclude>
    <ClInclude Include="globals.h">
      <Filter>Header Files</Filter>
    </ClInclude>
    <ClInclude Include="gui.h">
      <Filter>Header Files</Filter>
    </ClInclude>
    <ClInclude Include="input.h">
      <Filter>Header Files</Filter>
    </ClInclude>
    <ClInclude Include="luaApi.h">
      <Filter>Header Files</Filter>
    </ClInclude>
    <ClInclude Include="luaManager.h">
      <Filter>Header Files</Filter>
    </ClInclude>
    <ClInclude Include="objectFactory.h">
      <Filter>Header Files</Filter>
    </ClInclude>
    <ClInclude Include="objectLayer.h">
      <Filter>Header Files</Filter>
    </ClInclude>
    <ClInclude Include="physics.h">
      <Filter>Header Files</Filter>
    </ClInclude>
    <ClInclude Include="precompiled.h">
      <Filter>Header Files</Filter>
    </ClInclude>
    <ClInclude Include="rect.h">
      <Filter>Header Files</Filter>
    </ClInclude>
    <ClInclude Include="resource.h">
      <Filter>Header Files</Filter>
    </ClInclude>
    <ClInclude Include="resource1.h">
      <Filter>Header Files</Filter>
    </ClInclude>
    <ClInclude Include="singleton.h">
      <Filter>Header Files</Filter>
    </ClInclude>
    <ClInclude Include="sprite.h">
      <Filter>Header Files</Filter>
    </ClInclude>
    <ClInclude Include="stdafx.h">
      <Filter>Header Files</Filter>
    </ClInclude>
    <ClInclude Include="window.h">
      <Filter>Header Files</Filter>
    </ClInclude>
    <ClInclude Include="objects\object.h">
      <Filter>Header Files</Filter>
    </ClInclude>
    <ClInclude Include="objects\objectBackground.h">
      <Filter>Header Files</Filter>
    </ClInclude>
    <ClInclude Include="objects\objectBounce.h">
      <Filter>Header Files</Filter>
    </ClInclude>
    <ClInclude Include="objects\objectCollectable.h">
      <Filter>Header Files</Filter>
    </ClInclude>
    <ClInclude Include="objects\objectController.h">
      <Filter>Header Files</Filter>
    </ClInclude>
    <ClInclude Include="objects\objectCutBars.h">
      <Filter>Header Files</Filter>
    </ClInclude>
    <ClInclude Include="objects\objectDoor.h">
      <Filter>Header Files</Filter>
    </ClInclude>
    <ClInclude Include="objects\objectEnemy.h">
      <Filter>Header Files</Filter>
    </ClInclude>
    <ClInclude Include="objects\objectFan.h">
      <Filter>Header Files</Filter>
    </ClInclude>
    <ClInclude Include="objects\objectPlayer.h">
      <Filter>Header Files</Filter>
    </ClInclude>
    <ClInclude Include="objects\objectSpring.h">
      <Filter>Header Files</Filter>
    </ClInclude>
    <ClInclude Include="objects\objectStatic.h">
      <Filter>Header Files</Filter>
    </ClInclude>
    <ClInclude Include="external\XGetopt.h">
      <Filter>Header Files</Filter>
    </ClInclude>
    <ClInclude Include="external\xmlParser.h">
      <Filter>Header Files</Filter>
    </ClInclude>
    <ClInclude Include="physicsDebugRenderer.h">
      <Filter>Header Files</Filter>
    </ClInclude>
    <ClInclude Include="startup.h">
      <Filter>Header Files</Filter>
    </ClInclude>
    <ClInclude Include="editor.h">
      <Filter>Header Files</Filter>
    </ClInclude>
    <ClInclude Include="camera.h">
      <Filter>Header Files</Filter>
    </ClInclude>
    <ClInclude Include="cameraFollow.h">
      <Filter>Header Files</Filter>
    </ClInclude>
    <ClInclude Include="objects\objectText.h">
      <Filter>Header Files</Filter>
    </ClInclude>
  </ItemGroup>
  <ItemGroup>
    <ClCompile Include="animation.cpp">
      <Filter>Source Files</Filter>
    </ClCompile>
    <ClCompile Include="animationeditor.cpp">
      <Filter>Source Files</Filter>
    </ClCompile>
    <ClCompile Include="animations.cpp">
      <Filter>Source Files</Filter>
    </ClCompile>
    <ClCompile Include="assetManager.cpp">
      <Filter>Source Files</Filter>
    </ClCompile>
    <ClCompile Include="basename.cpp">
      <Filter>Source Files</Filter>
    </ClCompile>
    <ClCompile Include="credits.cpp">
      <Filter>Source Files</Filter>
    </ClCompile>
    <ClCompile Include="effectsManager.cpp">
      <Filter>Source Files</Filter>
    </ClCompile>
    <ClCompile Include="eventManager.cpp">
      <Filter>Source Files</Filter>
    </ClCompile>
    <ClCompile Include="gameMenu.cpp">
      <Filter>Source Files</Filter>
    </ClCompile>
    <ClCompile Include="gameMode.cpp">
      <Filter>Source Files</Filter>
    </ClCompile>
    <ClCompile Include="gameModes.cpp">
      <Filter>Source Files</Filter>
    </ClCompile>
    <ClCompile Include="gameOptions.cpp">
      <Filter>Source Files</Filter>
    </ClCompile>
    <ClCompile Include="gameSound.cpp">
      <Filter>Source Files</Filter>
    </ClCompile>
    <ClCompile Include="gameState.cpp">
      <Filter>Source Files</Filter>
    </ClCompile>
    <ClCompile Include="gameWorld.cpp">
      <Filter>Source Files</Filter>
    </ClCompile>
    <ClCompile Include="globalDefines.cpp">
      <Filter>Source Files</Filter>
    </ClCompile>
    <ClCompile Include="globals.cpp">
      <Filter>Source Files</Filter>
    </ClCompile>
    <ClCompile Include="gui.cpp">
      <Filter>Source Files</Filter>
    </ClCompile>
    <ClCompile Include="input.cpp">
      <Filter>Source Files</Filter>
    </ClCompile>
    <ClCompile Include="luaApi.cpp">
      <Filter>Source Files</Filter>
    </ClCompile>
    <ClCompile Include="luaManager.cpp">
      <Filter>Source Files</Filter>
    </ClCompile>
    <ClCompile Include="objectFactory.cpp">
      <Filter>Source Files</Filter>
    </ClCompile>
    <ClCompile Include="objectLayer.cpp">
      <Filter>Source Files</Filter>
    </ClCompile>
    <ClCompile Include="physics.cpp">
      <Filter>Source Files</Filter>
    </ClCompile>
    <ClCompile Include="rect.cpp">
      <Filter>Source Files</Filter>
    </ClCompile>
    <ClCompile Include="stdafx.cpp">
      <Filter>Source Files</Filter>
    </ClCompile>
    <ClCompile Include="window.cpp">
      <Filter>Source Files</Filter>
    </ClCompile>
    <ClCompile Include="objects\object.cpp">
      <Filter>Source Files</Filter>
    </ClCompile>
    <ClCompile Include="objects\objectBackground.cpp">
      <Filter>Source Files</Filter>
    </ClCompile>
    <ClCompile Include="objects\objectBounce.cpp">
      <Filter>Source Files</Filter>
    </ClCompile>
    <ClCompile Include="objects\objectCollectable.cpp">
      <Filter>Source Files</Filter>
    </ClCompile>
    <ClCompile Include="objects\objectController.cpp">
      <Filter>Source Files</Filter>
    </ClCompile>
    <ClCompile Include="objects\objectCutBars.cpp">
      <Filter>Source Files</Filter>
    </ClCompile>
    <ClCompile Include="objects\objectDoor.cpp">
      <Filter>Source Files</Filter>
    </ClCompile>
    <ClCompile Include="objects\objectEnemy.cpp">
      <Filter>Source Files</Filter>
    </ClCompile>
    <ClCompile Include="objects\objectFan.cpp">
      <Filter>Source Files</Filter>
    </ClCompile>
    <ClCompile Include="objects\objectPlayer.cpp">
      <Filter>Source Files</Filter>
    </ClCompile>
    <ClCompile Include="objects\objectSpring.cpp">
      <Filter>Source Files</Filter>
    </ClCompile>
    <ClCompile Include="objects\objectStatic.cpp">
      <Filter>Source Files</Filter>
    </ClCompile>
    <ClCompile Include="external\XGetopt.cpp">
      <Filter>Source Files</Filter>
    </ClCompile>
    <ClCompile Include="external\xmlParser.cpp">
      <Filter>Source Files</Filter>
    </ClCompile>
    <ClCompile Include="physicsDebugRenderer.cpp">
      <Filter>Source Files</Filter>
    </ClCompile>
    <ClCompile Include="startup.cpp">
      <Filter>Source Files</Filter>
    </ClCompile>
    <ClCompile Include="engine_wrap_lua.cpp">
      <Filter>Source Files</Filter>
    </ClCompile>
    <ClCompile Include="swig\engine_wrap.cxx">
      <Filter>Source Files</Filter>
    </ClCompile>
    <ClCompile Include="editor.cpp">
      <Filter>Source Files</Filter>
    </ClCompile>
    <ClCompile Include="camera.cpp">
      <Filter>Source Files</Filter>
    </ClCompile>
    <ClCompile Include="cameraFollow.cpp">
      <Filter>Source Files</Filter>
    </ClCompile>
    <ClCompile Include="objects\objectText.cpp">
      <Filter>Source Files</Filter>
    </ClCompile>
  </ItemGroup>
  <ItemGroup>
    <CustomBuild Include="swig\engine.i" />
  </ItemGroup>
</Project>