<?xml version="1.0" encoding="utf-8"?>
<Project ToolsVersion="4.0" xmlns="http://schemas.microsoft.com/developer/msbuild/2003">
  <ItemGroup>
    <Filter Include="Source Files">
      <UniqueIdentifier>{4FC737F1-C7A5-4376-A066-2A32D752A2FF}</UniqueIdentifier>
      <Extensions>cpp;c;cc;cxx;def;odl;idl;hpj;bat;asm;asmx</Extensions>
    </Filter>
    <Filter Include="Source Files\Objects">
      <UniqueIdentifier>{acbb7b10-be4c-4e09-8ce7-1538f33feb84}</UniqueIdentifier>
    </Filter>
    <Filter Include="Source Files\External">
      <UniqueIdentifier>{bdd5b167-c6ed-4c1d-a623-17cd671befa9}</UniqueIdentifier>
    </Filter>
    <Filter Include="Header Files">
      <UniqueIdentifier>{93995380-89BD-4b04-88EB-625FBE52EBFB}</UniqueIdentifier>
      <Extensions>h;hpp;hxx;hm;inl;inc;xsd</Extensions>
    </Filter>
    <Filter Include="Header Files\Objects">
      <UniqueIdentifier>{f58da703-8351-4004-a067-3ff9bdab0e53}</UniqueIdentifier>
    </Filter>
    <Filter Include="Header Files\External">
      <UniqueIdentifier>{e6a2a206-ede6-489c-b2dd-a5f956830a00}</UniqueIdentifier>
    </Filter>
    <Filter Include="Header Files\MapEditorGui">
      <UniqueIdentifier>{44f73615-978f-46fd-ad34-7700b3766e1e}</UniqueIdentifier>
    </Filter>
    <Filter Include="Resource Files">
      <UniqueIdentifier>{67DA6AB6-F800-4c08-8B7A-83BB121AAD01}</UniqueIdentifier>
      <Extensions>rc;ico;cur;bmp;dlg;rc2;rct;bin;rgs;gif;jpg;jpeg;jpe;resx;tiff;tif;png;wav</Extensions>
    </Filter>
    <Filter Include="Swig">
      <UniqueIdentifier>{82efefd8-581c-4083-bd82-7df06dee1382}</UniqueIdentifier>
    </Filter>
  </ItemGroup>
  <ItemGroup>
    <ClCompile Include="animation.cpp">
      <Filter>Source Files</Filter>
    </ClCompile>
    <ClCompile Include="animationeditor.cpp">
      <Filter>Source Files</Filter>
    </ClCompile>
    <ClCompile Include="animations.cpp">
      <Filter>Source Files</Filter>
    </ClCompile>
    <ClCompile Include="assetManager.cpp">
      <Filter>Source Files</Filter>
    </ClCompile>
    <ClCompile Include="basename.cpp">
      <Filter>Source Files</Filter>
    </ClCompile>
    <ClCompile Include="credits.cpp">
      <Filter>Source Files</Filter>
    </ClCompile>
    <ClCompile Include="effectsManager.cpp">
      <Filter>Source Files</Filter>
    </ClCompile>
    <ClCompile Include="eventManager.cpp">
      <Filter>Source Files</Filter>
    </ClCompile>
    <ClCompile Include="gameMenu.cpp">
      <Filter>Source Files</Filter>
    </ClCompile>
    <ClCompile Include="gameMode.cpp">
      <Filter>Source Files</Filter>
    </ClCompile>
    <ClCompile Include="gameModes.cpp">
      <Filter>Source Files</Filter>
    </ClCompile>
    <ClCompile Include="gameOptions.cpp">
      <Filter>Source Files</Filter>
    </ClCompile>
    <ClCompile Include="gameSound.cpp">
      <Filter>Source Files</Filter>
    </ClCompile>
    <ClCompile Include="gameState.cpp">
      <Filter>Source Files</Filter>
    </ClCompile>
    <ClCompile Include="gameWorld.cpp">
      <Filter>Source Files</Filter>
    </ClCompile>
    <ClCompile Include="globalDefines.cpp">
      <Filter>Source Files</Filter>
    </ClCompile>
    <ClCompile Include="globals.cpp">
      <Filter>Source Files</Filter>
    </ClCompile>
    <ClCompile Include="gui.cpp">
      <Filter>Source Files</Filter>
    </ClCompile>
    <ClCompile Include="input.cpp">
      <Filter>Source Files</Filter>
    </ClCompile>
    <ClCompile Include="luaApi.cpp">
      <Filter>Source Files</Filter>
    </ClCompile>
    <ClCompile Include="luaManager.cpp">
      <Filter>Source Files</Filter>
    </ClCompile>
    <ClCompile Include="main.cpp">
      <Filter>Source Files</Filter>
    </ClCompile>
    <ClCompile Include="oggFile.cpp">
      <Filter>Source Files</Filter>
    </ClCompile>
    <ClCompile Include="physics.cpp">
      <Filter>Source Files</Filter>
    </ClCompile>
    <ClCompile Include="rect.cpp">
      <Filter>Source Files</Filter>
    </ClCompile>
    <ClCompile Include="stdafx.cpp">
      <Filter>Source Files</Filter>
    </ClCompile>
    <ClCompile Include="timer.cpp">
      <Filter>Source Files</Filter>
    </ClCompile>
    <ClCompile Include="vector2D.cpp">
      <Filter>Source Files</Filter>
    </ClCompile>
    <ClCompile Include="window.cpp">
      <Filter>Source Files</Filter>
    </ClCompile>
    <ClCompile Include="objects\object.cpp">
      <Filter>Source Files\Objects</Filter>
    </ClCompile>
    <ClCompile Include="objects\object3d.cpp">
      <Filter>Source Files\Objects</Filter>
    </ClCompile>
    <ClCompile Include="objects\objectBackground.cpp">
      <Filter>Source Files\Objects</Filter>
    </ClCompile>
    <ClCompile Include="objects\objectBounce.cpp">
      <Filter>Source Files\Objects</Filter>
    </ClCompile>
    <ClCompile Include="objects\objectBridge.cpp">
      <Filter>Source Files\Objects</Filter>
    </ClCompile>
    <ClCompile Include="objects\objectCollectable.cpp">
      <Filter>Source Files\Objects</Filter>
    </ClCompile>
    <ClCompile Include="objects\objectController.cpp">
      <Filter>Source Files\Objects</Filter>
    </ClCompile>
    <ClCompile Include="objects\objectCutBars.cpp">
      <Filter>Source Files\Objects</Filter>
    </ClCompile>
    <ClCompile Include="objects\objectDoor.cpp">
      <Filter>Source Files\Objects</Filter>
    </ClCompile>
    <ClCompile Include="objects\objectEnemy.cpp">
      <Filter>Source Files\Objects</Filter>
    </ClCompile>
    <ClCompile Include="objectFactory.cpp">
      <Filter>Source Files\Objects</Filter>
    </ClCompile>
    <ClCompile Include="objects\objectFan.cpp">
      <Filter>Source Files\Objects</Filter>
    </ClCompile>
    <ClCompile Include="objectLayer.cpp">
      <Filter>Source Files\Objects</Filter>
    </ClCompile>
    <ClCompile Include="objects\objectPlayer.cpp">
      <Filter>Source Files\Objects</Filter>
    </ClCompile>
    <ClCompile Include="objects\objectPlayerHuman.cpp">
      <Filter>Source Files\Objects</Filter>
    </ClCompile>
    <ClCompile Include="objects\objectSpring.cpp">
      <Filter>Source Files\Objects</Filter>
    </ClCompile>
    <ClCompile Include="objects\objectStatic.cpp">
      <Filter>Source Files\Objects</Filter>
    </ClCompile>
    <ClCompile Include="objects\objectTxtOverlay.cpp">
      <Filter>Source Files\Objects</Filter>
    </ClCompile>
    <ClCompile Include="external\XGetopt.cpp">
      <Filter>Source Files\External</Filter>
    </ClCompile>
    <ClCompile Include="external\xmlParser.cpp">
      <Filter>Source Files\External</Filter>
    </ClCompile>
    <ClCompile Include="engine_wrap.cpp">
      <Filter>Source Files</Filter>
    </ClCompile>
  </ItemGroup>
  <ItemGroup>
    <ClInclude Include="ai.h">
      <Filter>Header Files</Filter>
    </ClInclude>
    <ClInclude Include="animation.h">
      <Filter>Header Files</Filter>
    </ClInclude>
    <ClInclude Include="animationeditor.h">
      <Filter>Header Files</Filter>
    </ClInclude>
    <ClInclude Include="animations.h">
      <Filter>Header Files</Filter>
    </ClInclude>
    <ClInclude Include="assetManager.h">
      <Filter>Header Files</Filter>
    </ClInclude>
    <ClInclude Include="basename.h">
      <Filter>Header Files</Filter>
    </ClInclude>
    <ClInclude Include="credits.h">
      <Filter>Header Files</Filter>
    </ClInclude>
    <ClInclude Include="effectsManager.h">
      <Filter>Header Files</Filter>
    </ClInclude>
    <ClInclude Include="eventManager.h">
      <Filter>Header Files</Filter>
    </ClInclude>
    <ClInclude Include="gameMenu.h">
      <Filter>Header Files</Filter>
    </ClInclude>
    <ClInclude Include="gameMode.h">
      <Filter>Header Files</Filter>
    </ClInclude>
    <ClInclude Include="gameModes.h">
      <Filter>Header Files</Filter>
    </ClInclude>
    <ClInclude Include="gameOptions.h">
      <Filter>Header Files</Filter>
    </ClInclude>
    <ClInclude Include="gameSound.h">
      <Filter>Header Files</Filter>
    </ClInclude>
    <ClInclude Include="gameState.h">
      <Filter>Header Files</Filter>
    </ClInclude>
    <ClInclude Include="gameWorld.h">
      <Filter>Header Files</Filter>
    </ClInclude>
    <ClInclude Include="globalDefines.h">
      <Filter>Header Files</Filter>
    </ClInclude>
    <ClInclude Include="globals.h">
      <Filter>Header Files</Filter>
    </ClInclude>
    <ClInclude Include="gui.h">
      <Filter>Header Files</Filter>
    </ClInclude>
    <ClInclude Include="input.h">
      <Filter>Header Files</Filter>
    </ClInclude>
    <ClInclude Include="luaApi.h">
      <Filter>Header Files</Filter>
    </ClInclude>
    <ClInclude Include="luaManager.h">
      <Filter>Header Files</Filter>
    </ClInclude>
    <ClInclude Include="oggFile.h">
      <Filter>Header Files</Filter>
    </ClInclude>
    <ClInclude Include="physics.h">
      <Filter>Header Files</Filter>
    </ClInclude>
    <ClInclude Include="precompiled.h">
      <Filter>Header Files</Filter>
    </ClInclude>
    <ClInclude Include="rect.h">
      <Filter>Header Files</Filter>
    </ClInclude>
    <ClInclude Include="resource.h">
      <Filter>Header Files</Filter>
    </ClInclude>
    <ClInclude Include="singleton.h">
      <Filter>Header Files</Filter>
    </ClInclude>
    <ClInclude Include="sprite.h">
      <Filter>Header Files</Filter>
    </ClInclude>
    <ClInclude Include="stdafx.h">
      <Filter>Header Files</Filter>
    </ClInclude>
    <ClInclude Include="timer.h">
      <Filter>Header Files</Filter>
    </ClInclude>
    <ClInclude Include="vector2D.h">
      <Filter>Header Files</Filter>
    </ClInclude>
    <ClInclude Include="window.h">
      <Filter>Header Files</Filter>
    </ClInclude>
    <ClInclude Include="external\XGetopt.h">
      <Filter>Header Files</Filter>
    </ClInclude>
    <ClInclude Include="objects\object.h">
      <Filter>Header Files\Objects</Filter>
    </ClInclude>
    <ClInclude Include="objects\object3d.h">
      <Filter>Header Files\Objects</Filter>
    </ClInclude>
    <ClInclude Include="objects\objectBackground.h">
      <Filter>Header Files\Objects</Filter>
    </ClInclude>
    <ClInclude Include="objects\objectBounce.h">
      <Filter>Header Files\Objects</Filter>
    </ClInclude>
    <ClInclude Include="objects\objectBridge.h">
      <Filter>Header Files\Objects</Filter>
    </ClInclude>
    <ClInclude Include="objects\objectCollectable.h">
      <Filter>Header Files\Objects</Filter>
    </ClInclude>
    <ClInclude Include="objects\objectController.h">
      <Filter>Header Files\Objects</Filter>
    </ClInclude>
    <ClInclude Include="objects\objectCutBars.h">
      <Filter>Header Files\Objects</Filter>
    </ClInclude>
    <ClInclude Include="objects\objectDoor.h">
      <Filter>Header Files\Objects</Filter>
    </ClInclude>
    <ClInclude Include="objects\objectEnemy.h">
      <Filter>Header Files\Objects</Filter>
    </ClInclude>
    <ClInclude Include="objectFactory.h">
      <Filter>Header Files\Objects</Filter>
    </ClInclude>
    <ClInclude Include="objects\objectFan.h">
      <Filter>Header Files\Objects</Filter>
    </ClInclude>
    <ClInclude Include="objectIDs.h">
      <Filter>Header Files\Objects</Filter>
    </ClInclude>
    <ClInclude Include="objectLayer.h">
      <Filter>Header Files\Objects</Filter>
    </ClInclude>
    <ClInclude Include="objects\objectPlayer.h">
      <Filter>Header Files\Objects</Filter>
    </ClInclude>
    <ClInclude Include="objects\objectPlayerHuman.h">
      <Filter>Header Files\Objects</Filter>
    </ClInclude>
    <ClInclude Include="objects\objectSpring.h">
      <Filter>Header Files\Objects</Filter>
    </ClInclude>
    <ClInclude Include="objects\objectStatic.h">
      <Filter>Header Files\Objects</Filter>
    </ClInclude>
    <ClInclude Include="objects\objectTxtOverlay.h">
      <Filter>Header Files\Objects</Filter>
    </ClInclude>
    <ClInclude Include="external\xmlParser.h">
      <Filter>Header Files\External</Filter>
    </ClInclude>
    <ClInclude Include="gui\GUI_globals.h">
      <Filter>Header Files\MapEditorGui</Filter>
    </ClInclude>
    <ClInclude Include="gui\GUI_layeroptions.h">
      <Filter>Header Files\MapEditorGui</Filter>
    </ClInclude>
  </ItemGroup>
  <ItemGroup>
    <ResourceCompile Include="Ninjas.rc">
      <Filter>Resource Files</Filter>
    </ResourceCompile>
  </ItemGroup>
  <ItemGroup>
    <None Include="swig\engine.i">
      <Filter>Swig</Filter>
    </None>
    <None Include="packages.config" />
  </ItemGroup>
</Project>